
Microsoft Visual Studio Solution File, Format Version 12.00
# Visual Studio 14
VisualStudioVersion = 14.0.25420.1
MinimumVisualStudioVersion = 10.0.40219.1
Project("{FAE04EC0-301F-11D3-BF4B-00C04F79EFBC}") = "01.SpecialNumbers", "01.SpecialNumbers\01.SpecialNumbers.csproj", "{9C7A3DE2-E654-4F72-BFF3-BFE2B4A69D6B}"
EndProject
Project("{FAE04EC0-301F-11D3-BF4B-00C04F79EFBC}") = "02.TriplesOfLatinLetters", "02.TriplesOfLatinLetters\02.TriplesOfLatinLetters.csproj", "{68F7C1C5-B93B-4998-8421-E94C126C6DAB}"
EndProject
Project("{FAE04EC0-301F-11D3-BF4B-00C04F79EFBC}") = "03.Greeting", "03.Greeting\03.Greeting.csproj", "{66A9768D-ED80-47BA-834A-A590754CE763}"
EndProject
Project("{FAE04EC0-301F-11D3-BF4B-00C04F79EFBC}") = "04.RefactorVolumeOfPyramid", "04.RefactorVolumeOfPyramid\04.RefactorVolumeOfPyramid.csproj", "{B1D889DB-C140-4053-9A8C-F44A5DBC9A91}"
EndProject
Project("{FAE04EC0-301F-11D3-BF4B-00C04F79EFBC}") = "05.RefactorSpecialNumbers", "05.RefactorSpecialNumbers\05.RefactorSpecialNumbers.csproj", "{5915FFE0-F6F9-408E-B83B-6C2DE20A45C6}"
EndProject
Global
	GlobalSection(SolutionConfigurationPlatforms) = preSolution
		Debug|Any CPU = Debug|Any CPU
		Release|Any CPU = Release|Any CPU
	EndGlobalSection
	GlobalSection(ProjectConfigurationPlatforms) = postSolution
		{9C7A3DE2-E654-4F72-BFF3-BFE2B4A69D6B}.Debug|Any CPU.ActiveCfg = Debug|Any CPU
		{9C7A3DE2-E654-4F72-BFF3-BFE2B4A69D6B}.Debug|Any CPU.Build.0 = Debug|Any CPU
		{9C7A3DE2-E654-4F72-BFF3-BFE2B4A69D6B}.Release|Any CPU.ActiveCfg = Release|Any CPU
		{9C7A3DE2-E654-4F72-BFF3-BFE2B4A69D6B}.Release|Any CPU.Build.0 = Release|Any CPU
		{68F7C1C5-B93B-4998-8421-E94C126C6DAB}.Debug|Any CPU.ActiveCfg = Debug|Any CPU
		{68F7C1C5-B93B-4998-8421-E94C126C6DAB}.Debug|Any CPU.Build.0 = Debug|Any CPU
		{68F7C1C5-B93B-4998-8421-E94C126C6DAB}.Release|Any CPU.ActiveCfg = Release|Any CPU
		{68F7C1C5-B93B-4998-8421-E94C126C6DAB}.Release|Any CPU.Build.0 = Release|Any CPU
		{66A9768D-ED80-47BA-834A-A590754CE763}.Debug|Any CPU.ActiveCfg = Debug|Any CPU
		{66A9768D-ED80-47BA-834A-A590754CE763}.Debug|Any CPU.Build.0 = Debug|Any CPU
		{66A9768D-ED80-47BA-834A-A590754CE763}.Release|Any CPU.ActiveCfg = Release|Any CPU
		{66A9768D-ED80-47BA-834A-A590754CE763}.Release|Any CPU.Build.0 = Release|Any CPU
		{B1D889DB-C140-4053-9A8C-F44A5DBC9A91}.Debug|Any CPU.ActiveCfg = Debug|Any CPU
		{B1D889DB-C140-4053-9A8C-F44A5DBC9A91}.Debug|Any CPU.Build.0 = Debug|Any CPU
		{B1D889DB-C140-4053-9A8C-F44A5DBC9A91}.Release|Any CPU.ActiveCfg = Release|Any CPU
		{B1D889DB-C140-4053-9A8C-F44A5DBC9A91}.Release|Any CPU.Build.0 = Release|Any CPU
		{5915FFE0-F6F9-408E-B83B-6C2DE20A45C6}.Debug|Any CPU.ActiveCfg = Debug|Any CPU
		{5915FFE0-F6F9-408E-B83B-6C2DE20A45C6}.Debug|Any CPU.Build.0 = Debug|Any CPU
		{5915FFE0-F6F9-408E-B83B-6C2DE20A45C6}.Release|Any CPU.ActiveCfg = Release|Any CPU
		{5915FFE0-F6F9-408E-B83B-6C2DE20A45C6}.Release|Any CPU.Build.0 = Release|Any CPU
	EndGlobalSection
	GlobalSection(SolutionProperties) = preSolution
		HideSolutionNode = FALSE
	EndGlobalSection
EndGlobal
