
Microsoft Visual Studio Solution File, Format Version 12.00
# Visual Studio 14
VisualStudioVersion = 14.0.25420.1
MinimumVisualStudioVersion = 10.0.40219.1
Project("{FAE04EC0-301F-11D3-BF4B-00C04F79EFBC}") = "01.MelrahShake", "01.MelrahShake\01.MelrahShake.csproj", "{69875855-FD1D-4374-9908-4376BFC1804F}"
EndProject
Project("{FAE04EC0-301F-11D3-BF4B-00C04F79EFBC}") = "03.CriticalBreakpoint", "03.CriticalBreakpoint\03.CriticalBreakpoint.csproj", "{16F19BB6-8762-4F62-A35B-DEF9BC5D35A2}"
EndProject
Project("{FAE04EC0-301F-11D3-BF4B-00C04F79EFBC}") = "04.GUnit", "04.GUnit\04.GUnit.csproj", "{70A01148-2BF7-449C-ADAE-02F0D42DEA88}"
EndProject
Global
	GlobalSection(SolutionConfigurationPlatforms) = preSolution
		Debug|Any CPU = Debug|Any CPU
		Release|Any CPU = Release|Any CPU
	EndGlobalSection
	GlobalSection(ProjectConfigurationPlatforms) = postSolution
		{69875855-FD1D-4374-9908-4376BFC1804F}.Debug|Any CPU.ActiveCfg = Debug|Any CPU
		{69875855-FD1D-4374-9908-4376BFC1804F}.Debug|Any CPU.Build.0 = Debug|Any CPU
		{69875855-FD1D-4374-9908-4376BFC1804F}.Release|Any CPU.ActiveCfg = Release|Any CPU
		{69875855-FD1D-4374-9908-4376BFC1804F}.Release|Any CPU.Build.0 = Release|Any CPU
		{16F19BB6-8762-4F62-A35B-DEF9BC5D35A2}.Debug|Any CPU.ActiveCfg = Debug|Any CPU
		{16F19BB6-8762-4F62-A35B-DEF9BC5D35A2}.Debug|Any CPU.Build.0 = Debug|Any CPU
		{16F19BB6-8762-4F62-A35B-DEF9BC5D35A2}.Release|Any CPU.ActiveCfg = Release|Any CPU
		{16F19BB6-8762-4F62-A35B-DEF9BC5D35A2}.Release|Any CPU.Build.0 = Release|Any CPU
		{70A01148-2BF7-449C-ADAE-02F0D42DEA88}.Debug|Any CPU.ActiveCfg = Debug|Any CPU
		{70A01148-2BF7-449C-ADAE-02F0D42DEA88}.Debug|Any CPU.Build.0 = Debug|Any CPU
		{70A01148-2BF7-449C-ADAE-02F0D42DEA88}.Release|Any CPU.ActiveCfg = Release|Any CPU
		{70A01148-2BF7-449C-ADAE-02F0D42DEA88}.Release|Any CPU.Build.0 = Release|Any CPU
	EndGlobalSection
	GlobalSection(SolutionProperties) = preSolution
		HideSolutionNode = FALSE
	EndGlobalSection
EndGlobal
