
Microsoft Visual Studio Solution File, Format Version 12.00
# Visual Studio 14
VisualStudioVersion = 14.0.25420.1
MinimumVisualStudioVersion = 10.0.40219.1
Project("{FAE04EC0-301F-11D3-BF4B-00C04F79EFBC}") = "07.ResizableArray", "07.ResizableArray\07.ResizableArray.csproj", "{5B9C36B3-8984-418A-A390-6E5B0C29C796}"
EndProject
Project("{FAE04EC0-301F-11D3-BF4B-00C04F79EFBC}") = "01.Last3ConsecutiveEqualStrings", "01.Last3ConsecutiveEqualStrings\01.Last3ConsecutiveEqualStrings.csproj", "{9E633AE9-E2B6-4E7E-84E2-BF70E7643CA9}"
EndProject
Project("{FAE04EC0-301F-11D3-BF4B-00C04F79EFBC}") = "02.ArrayElementsEqualToTheirIndex", "02.ArrayElementsEqualToTheirIndex\02.ArrayElementsEqualToTheirIndex.csproj", "{7C4AE02A-81F9-4E49-B0F5-29A30EFCD4B6}"
EndProject
Project("{FAE04EC0-301F-11D3-BF4B-00C04F79EFBC}") = "03.Phonebook", "03.Phonebook\03.Phonebook.csproj", "{A20F8631-983E-444D-92AE-F937480D8BE7}"
EndProject
Project("{FAE04EC0-301F-11D3-BF4B-00C04F79EFBC}") = "04.Phone", "04.Phone\04.Phone.csproj", "{F3A56CA5-F543-47FC-924F-B7BA10E836F4}"
EndProject
Project("{FAE04EC0-301F-11D3-BF4B-00C04F79EFBC}") = "05.CharRotation", "05.CharRotation\05.CharRotation.csproj", "{4183E6C2-50CF-454A-AC0F-E3035355B6A1}"
EndProject
Project("{FAE04EC0-301F-11D3-BF4B-00C04F79EFBC}") = "06.PowerPlants", "06.PowerPlants\06.PowerPlants.csproj", "{CD959F09-74BB-4EE5-BEA5-7E4E5BED7F72}"
EndProject
Global
	GlobalSection(SolutionConfigurationPlatforms) = preSolution
		Debug|Any CPU = Debug|Any CPU
		Release|Any CPU = Release|Any CPU
	EndGlobalSection
	GlobalSection(ProjectConfigurationPlatforms) = postSolution
		{5B9C36B3-8984-418A-A390-6E5B0C29C796}.Debug|Any CPU.ActiveCfg = Debug|Any CPU
		{5B9C36B3-8984-418A-A390-6E5B0C29C796}.Debug|Any CPU.Build.0 = Debug|Any CPU
		{5B9C36B3-8984-418A-A390-6E5B0C29C796}.Release|Any CPU.ActiveCfg = Release|Any CPU
		{5B9C36B3-8984-418A-A390-6E5B0C29C796}.Release|Any CPU.Build.0 = Release|Any CPU
		{9E633AE9-E2B6-4E7E-84E2-BF70E7643CA9}.Debug|Any CPU.ActiveCfg = Debug|Any CPU
		{9E633AE9-E2B6-4E7E-84E2-BF70E7643CA9}.Debug|Any CPU.Build.0 = Debug|Any CPU
		{9E633AE9-E2B6-4E7E-84E2-BF70E7643CA9}.Release|Any CPU.ActiveCfg = Release|Any CPU
		{9E633AE9-E2B6-4E7E-84E2-BF70E7643CA9}.Release|Any CPU.Build.0 = Release|Any CPU
		{7C4AE02A-81F9-4E49-B0F5-29A30EFCD4B6}.Debug|Any CPU.ActiveCfg = Debug|Any CPU
		{7C4AE02A-81F9-4E49-B0F5-29A30EFCD4B6}.Debug|Any CPU.Build.0 = Debug|Any CPU
		{7C4AE02A-81F9-4E49-B0F5-29A30EFCD4B6}.Release|Any CPU.ActiveCfg = Release|Any CPU
		{7C4AE02A-81F9-4E49-B0F5-29A30EFCD4B6}.Release|Any CPU.Build.0 = Release|Any CPU
		{A20F8631-983E-444D-92AE-F937480D8BE7}.Debug|Any CPU.ActiveCfg = Debug|Any CPU
		{A20F8631-983E-444D-92AE-F937480D8BE7}.Debug|Any CPU.Build.0 = Debug|Any CPU
		{A20F8631-983E-444D-92AE-F937480D8BE7}.Release|Any CPU.ActiveCfg = Release|Any CPU
		{A20F8631-983E-444D-92AE-F937480D8BE7}.Release|Any CPU.Build.0 = Release|Any CPU
		{F3A56CA5-F543-47FC-924F-B7BA10E836F4}.Debug|Any CPU.ActiveCfg = Debug|Any CPU
		{F3A56CA5-F543-47FC-924F-B7BA10E836F4}.Debug|Any CPU.Build.0 = Debug|Any CPU
		{F3A56CA5-F543-47FC-924F-B7BA10E836F4}.Release|Any CPU.ActiveCfg = Release|Any CPU
		{F3A56CA5-F543-47FC-924F-B7BA10E836F4}.Release|Any CPU.Build.0 = Release|Any CPU
		{4183E6C2-50CF-454A-AC0F-E3035355B6A1}.Debug|Any CPU.ActiveCfg = Debug|Any CPU
		{4183E6C2-50CF-454A-AC0F-E3035355B6A1}.Debug|Any CPU.Build.0 = Debug|Any CPU
		{4183E6C2-50CF-454A-AC0F-E3035355B6A1}.Release|Any CPU.ActiveCfg = Release|Any CPU
		{4183E6C2-50CF-454A-AC0F-E3035355B6A1}.Release|Any CPU.Build.0 = Release|Any CPU
		{CD959F09-74BB-4EE5-BEA5-7E4E5BED7F72}.Debug|Any CPU.ActiveCfg = Debug|Any CPU
		{CD959F09-74BB-4EE5-BEA5-7E4E5BED7F72}.Debug|Any CPU.Build.0 = Debug|Any CPU
		{CD959F09-74BB-4EE5-BEA5-7E4E5BED7F72}.Release|Any CPU.ActiveCfg = Release|Any CPU
		{CD959F09-74BB-4EE5-BEA5-7E4E5BED7F72}.Release|Any CPU.Build.0 = Release|Any CPU
	EndGlobalSection
	GlobalSection(SolutionProperties) = preSolution
		HideSolutionNode = FALSE
	EndGlobalSection
EndGlobal
